
Microsoft Visual Studio Solution File, Format Version 12.00
# Visual Studio Version 17
VisualStudioVersion = 17.14.36221.1
MinimumVisualStudioVersion = 10.0.40219.1
Project("{FAE04EC0-301F-11D3-BF4B-00C04F79EFBC}") = "dotVFile", "dotVFile\dotVFile.csproj", "{BF67873D-1B1A-0771-4362-8D8C9D1871F6}"
EndProject
Project("{FAE04EC0-301F-11D3-BF4B-00C04F79EFBC}") = "dotVFile.Test", "dotVFile.Test\dotVFile.Test.csproj", "{F556109C-2630-6438-4C30-0758820635A2}"
EndProject
Global
	GlobalSection(SolutionConfigurationPlatforms) = preSolution
		Debug|Any CPU = Debug|Any CPU
		Release|Any CPU = Release|Any CPU
	EndGlobalSection
	GlobalSection(ProjectConfigurationPlatforms) = postSolution
		{BF67873D-1B1A-0771-4362-8D8C9D1871F6}.Debug|Any CPU.ActiveCfg = Debug|Any CPU
		{BF67873D-1B1A-0771-4362-8D8C9D1871F6}.Debug|Any CPU.Build.0 = Debug|Any CPU
		{BF67873D-1B1A-0771-4362-8D8C9D1871F6}.Release|Any CPU.ActiveCfg = Release|Any CPU
		{BF67873D-1B1A-0771-4362-8D8C9D1871F6}.Release|Any CPU.Build.0 = Release|Any CPU
		{F556109C-2630-6438-4C30-0758820635A2}.Debug|Any CPU.ActiveCfg = Debug|Any CPU
		{F556109C-2630-6438-4C30-0758820635A2}.Debug|Any CPU.Build.0 = Debug|Any CPU
		{F556109C-2630-6438-4C30-0758820635A2}.Release|Any CPU.ActiveCfg = Release|Any CPU
		{F556109C-2630-6438-4C30-0758820635A2}.Release|Any CPU.Build.0 = Release|Any CPU
	EndGlobalSection
	GlobalSection(SolutionProperties) = preSolution
		HideSolutionNode = FALSE
	EndGlobalSection
	GlobalSection(ExtensibilityGlobals) = postSolution
		SolutionGuid = {19FFADBA-6D2F-4086-BA74-B8C66842CFFE}
	EndGlobalSection
EndGlobal
